
Microsoft Visual Studio Solution File, Format Version 12.00
# Visual Studio Version 17
VisualStudioVersion = 17.6.33829.357
MinimumVisualStudioVersion = 10.0.40219.1
Project("{9A19103F-16F7-4668-BE54-9A1E7A4F7556}") = "ChromePasswordChecker", "ChromePasswordChecker\ChromePasswordChecker.csproj", "{0B558323-E4F6-43A6-AA6E-87B1FF82A31A}"
EndProject
Global
	GlobalSection(SolutionConfigurationPlatforms) = preSolution
		Debug|Any CPU = Debug|Any CPU
		Release|Any CPU = Release|Any CPU
	EndGlobalSection
	GlobalSection(ProjectConfigurationPlatforms) = postSolution
		{0B558323-E4F6-43A6-AA6E-87B1FF82A31A}.Debug|Any CPU.ActiveCfg = Debug|Any CPU
		{0B558323-E4F6-43A6-AA6E-87B1FF82A31A}.Debug|Any CPU.Build.0 = Debug|Any CPU
		{0B558323-E4F6-43A6-AA6E-87B1FF82A31A}.Release|Any CPU.ActiveCfg = Release|Any CPU
		{0B558323-E4F6-43A6-AA6E-87B1FF82A31A}.Release|Any CPU.Build.0 = Release|Any CPU
	EndGlobalSection
	GlobalSection(SolutionProperties) = preSolution
		HideSolutionNode = FALSE
	EndGlobalSection
	GlobalSection(ExtensibilityGlobals) = postSolution
		SolutionGuid = {C5D6385B-660D-415F-8C2E-15293795882B}
	EndGlobalSection
EndGlobal
